
Microsoft Visual Studio Solution File, Format Version 12.00
# Visual Studio Version 17
VisualStudioVersion = 17.11.35303.130
MinimumVisualStudioVersion = 10.0.40219.1
Project("{FAE04EC0-301F-11D3-BF4B-00C04F79EFBC}") = "WPFStyles", "WPFStyles\WPFStyles.csproj", "{0190AC2B-D03C-4273-BA91-A351FB2A73AB}"
EndProject
Global
	GlobalSection(SolutionConfigurationPlatforms) = preSolution
		Debug|Any CPU = Debug|Any CPU
		Release|Any CPU = Release|Any CPU
	EndGlobalSection
	GlobalSection(ProjectConfigurationPlatforms) = postSolution
		{0190AC2B-D03C-4273-BA91-A351FB2A73AB}.Debug|Any CPU.ActiveCfg = Debug|Any CPU
		{0190AC2B-D03C-4273-BA91-A351FB2A73AB}.Debug|Any CPU.Build.0 = Debug|Any CPU
		{0190AC2B-D03C-4273-BA91-A351FB2A73AB}.Release|Any CPU.ActiveCfg = Release|Any CPU
		{0190AC2B-D03C-4273-BA91-A351FB2A73AB}.Release|Any CPU.Build.0 = Release|Any CPU
	EndGlobalSection
	GlobalSection(SolutionProperties) = preSolution
		HideSolutionNode = FALSE
	EndGlobalSection
	GlobalSection(ExtensibilityGlobals) = postSolution
		SolutionGuid = {B9C7D286-9799-4D13-A5D2-2F4ED59E66D5}
	EndGlobalSection
EndGlobal
